
Microsoft Visual Studio Solution File, Format Version 12.00
# Visual Studio Version 17
VisualStudioVersion = 17.8.35430.204
MinimumVisualStudioVersion = 10.0.40219.1
Project("{9A19103F-16F7-4668-BE54-9A1E7A4F7556}") = "factoryMethod", "pizzaFactoryMethod\factoryMethod.csproj", "{8337AB8D-922F-4F38-B483-72F9318FFEA1}"
EndProject
Project("{9A19103F-16F7-4668-BE54-9A1E7A4F7556}") = "simpleFactory", "pizzaSimpleFactory\simpleFactory.csproj", "{7ECB27C6-B9B5-45CF-B251-72F6278928CB}"
EndProject
Project("{9A19103F-16F7-4668-BE54-9A1E7A4F7556}") = "observerPattern", "observerPattern\observerPattern.csproj", "{A64F5DB4-2BE8-484E-8AF6-E6EA970C69FC}"
EndProject
Project("{9A19103F-16F7-4668-BE54-9A1E7A4F7556}") = "strategyPattern", "strategyPattern\strategyPattern.csproj", "{6F7216EE-D112-4253-87B5-EC8B4D502DB5}"
EndProject
Project("{9A19103F-16F7-4668-BE54-9A1E7A4F7556}") = "singletonClassic", "singletonPattern\singletonClassic.csproj", "{16C137F1-B021-430B-B047-0009A03AC7CD}"
EndProject
Project("{FAE04EC0-301F-11D3-BF4B-00C04F79EFBC}") = "singletonDCL", "SingletonDCL\singletonDCL.csproj", "{A56F7220-CF2A-4CAF-810D-BAFBAA81D200}"
EndProject
Project("{FAE04EC0-301F-11D3-BF4B-00C04F79EFBC}") = "singletonSealed", "singletonSealed\singletonSealed.csproj", "{EA18A0FB-33F2-4F2A-BF73-5F81F4F15A95}"
EndProject
Project("{FAE04EC0-301F-11D3-BF4B-00C04F79EFBC}") = "singletonSubclass", "singletonSubclass\singletonSubclass.csproj", "{27A5A973-6E6F-4B02-9FDA-B144CB84125E}"
EndProject
Project("{FAE04EC0-301F-11D3-BF4B-00C04F79EFBC}") = "singletonThreadSafe", "singletonThreadSafe\singletonThreadSafe.csproj", "{30D9314A-53C8-4DE8-B4CF-ACFBABF29511}"
EndProject
Global
	GlobalSection(SolutionConfigurationPlatforms) = preSolution
		Debug|Any CPU = Debug|Any CPU
		Release|Any CPU = Release|Any CPU
	EndGlobalSection
	GlobalSection(ProjectConfigurationPlatforms) = postSolution
		{8337AB8D-922F-4F38-B483-72F9318FFEA1}.Debug|Any CPU.ActiveCfg = Debug|Any CPU
		{8337AB8D-922F-4F38-B483-72F9318FFEA1}.Debug|Any CPU.Build.0 = Debug|Any CPU
		{8337AB8D-922F-4F38-B483-72F9318FFEA1}.Release|Any CPU.ActiveCfg = Release|Any CPU
		{8337AB8D-922F-4F38-B483-72F9318FFEA1}.Release|Any CPU.Build.0 = Release|Any CPU
		{7ECB27C6-B9B5-45CF-B251-72F6278928CB}.Debug|Any CPU.ActiveCfg = Debug|Any CPU
		{7ECB27C6-B9B5-45CF-B251-72F6278928CB}.Debug|Any CPU.Build.0 = Debug|Any CPU
		{7ECB27C6-B9B5-45CF-B251-72F6278928CB}.Release|Any CPU.ActiveCfg = Release|Any CPU
		{7ECB27C6-B9B5-45CF-B251-72F6278928CB}.Release|Any CPU.Build.0 = Release|Any CPU
		{A64F5DB4-2BE8-484E-8AF6-E6EA970C69FC}.Debug|Any CPU.ActiveCfg = Debug|Any CPU
		{A64F5DB4-2BE8-484E-8AF6-E6EA970C69FC}.Debug|Any CPU.Build.0 = Debug|Any CPU
		{A64F5DB4-2BE8-484E-8AF6-E6EA970C69FC}.Release|Any CPU.ActiveCfg = Release|Any CPU
		{A64F5DB4-2BE8-484E-8AF6-E6EA970C69FC}.Release|Any CPU.Build.0 = Release|Any CPU
		{6F7216EE-D112-4253-87B5-EC8B4D502DB5}.Debug|Any CPU.ActiveCfg = Debug|Any CPU
		{6F7216EE-D112-4253-87B5-EC8B4D502DB5}.Debug|Any CPU.Build.0 = Debug|Any CPU
		{6F7216EE-D112-4253-87B5-EC8B4D502DB5}.Release|Any CPU.ActiveCfg = Release|Any CPU
		{6F7216EE-D112-4253-87B5-EC8B4D502DB5}.Release|Any CPU.Build.0 = Release|Any CPU
		{16C137F1-B021-430B-B047-0009A03AC7CD}.Debug|Any CPU.ActiveCfg = Debug|Any CPU
		{16C137F1-B021-430B-B047-0009A03AC7CD}.Debug|Any CPU.Build.0 = Debug|Any CPU
		{16C137F1-B021-430B-B047-0009A03AC7CD}.Release|Any CPU.ActiveCfg = Release|Any CPU
		{16C137F1-B021-430B-B047-0009A03AC7CD}.Release|Any CPU.Build.0 = Release|Any CPU
		{A56F7220-CF2A-4CAF-810D-BAFBAA81D200}.Debug|Any CPU.ActiveCfg = Debug|Any CPU
		{A56F7220-CF2A-4CAF-810D-BAFBAA81D200}.Debug|Any CPU.Build.0 = Debug|Any CPU
		{A56F7220-CF2A-4CAF-810D-BAFBAA81D200}.Release|Any CPU.ActiveCfg = Release|Any CPU
		{A56F7220-CF2A-4CAF-810D-BAFBAA81D200}.Release|Any CPU.Build.0 = Release|Any CPU
		{EA18A0FB-33F2-4F2A-BF73-5F81F4F15A95}.Debug|Any CPU.ActiveCfg = Debug|Any CPU
		{EA18A0FB-33F2-4F2A-BF73-5F81F4F15A95}.Debug|Any CPU.Build.0 = Debug|Any CPU
		{EA18A0FB-33F2-4F2A-BF73-5F81F4F15A95}.Release|Any CPU.ActiveCfg = Release|Any CPU
		{EA18A0FB-33F2-4F2A-BF73-5F81F4F15A95}.Release|Any CPU.Build.0 = Release|Any CPU
		{27A5A973-6E6F-4B02-9FDA-B144CB84125E}.Debug|Any CPU.ActiveCfg = Debug|Any CPU
		{27A5A973-6E6F-4B02-9FDA-B144CB84125E}.Debug|Any CPU.Build.0 = Debug|Any CPU
		{27A5A973-6E6F-4B02-9FDA-B144CB84125E}.Release|Any CPU.ActiveCfg = Release|Any CPU
		{27A5A973-6E6F-4B02-9FDA-B144CB84125E}.Release|Any CPU.Build.0 = Release|Any CPU
		{30D9314A-53C8-4DE8-B4CF-ACFBABF29511}.Debug|Any CPU.ActiveCfg = Debug|Any CPU
		{30D9314A-53C8-4DE8-B4CF-ACFBABF29511}.Debug|Any CPU.Build.0 = Debug|Any CPU
		{30D9314A-53C8-4DE8-B4CF-ACFBABF29511}.Release|Any CPU.ActiveCfg = Release|Any CPU
		{30D9314A-53C8-4DE8-B4CF-ACFBABF29511}.Release|Any CPU.Build.0 = Release|Any CPU
	EndGlobalSection
	GlobalSection(SolutionProperties) = preSolution
		HideSolutionNode = FALSE
	EndGlobalSection
	GlobalSection(ExtensibilityGlobals) = postSolution
		SolutionGuid = {5E2E890A-5F76-4669-8753-860CA5B71588}
	EndGlobalSection
EndGlobal
